{
  "version": 4,
  "terraform_version": "1.15.3",
  "serial": 51,
  "lineage": "7380cd5c-64ce-5a72-522f-1f40aa44623b",
  "outputs": {
    "app_endpoints_config_map": {
      "value": "carsharing/app-endpoints",
      "type": "string"
    },
    "base_secrets": {
      "value": {
        "image_pull": [
          "carsharing/registry-pull",
          "ci/registry-pull"
        ],
        "minio": "data/minio-credentials",
        "postgres": "data/postgres-credentials",
        "redis": "data/redis-credentials"
      },
      "type": [
        "object",
        {
          "image_pull": [
            "tuple",
            [
              "string",
              "string"
            ]
          ],
          "minio": "string",
          "postgres": "string",
          "redis": "string"
        }
      ],
      "sensitive": true
    },
    "image_registry": {
      "value": "registry.ci.svc.cluster.local:5000",
      "type": "string"
    },
    "namespaces": {
      "value": [
        "argocd",
        "carsharing",
        "ci",
        "data",
        "ingress",
        "observability",
        "ratelimit"
      ],
      "type": [
        "tuple",
        [
          "string",
          "string",
          "string",
          "string",
          "string",
          "string",
          "string"
        ]
      ]
    },
    "service_accounts_carsharing": {
      "value": [
        "api-gateway",
        "archive-service",
        "car-service",
        "fleet-service",
        "kafka-client",
        "trip-service",
        "user-service"
      ],
      "type": [
        "tuple",
        [
          "string",
          "string",
          "string",
          "string",
          "string",
          "string",
          "string"
        ]
      ]
    },
    "service_accounts_ci": {
      "value": [
        "argocd/argocd-image-updater",
        "ci/kaniko-builder"
      ],
      "type": [
        "tuple",
        [
          "string",
          "string"
        ]
      ]
    }
  },
  "resources": [
    {
      "mode": "managed",
      "type": "kubernetes_config_map_v1",
      "name": "app_endpoints",
      "provider": "provider[\"registry.terraform.io/hashicorp/kubernetes\"]",
      "instances": [
        {
          "schema_version": 0,
          "attributes": {
            "binary_data": null,
            "data": {
              "CASSANDRA_HOST": "cassandra.data.svc.cluster.local",
              "KAFKA_BOOTSTRAP": "carsharing-kafka-bootstrap.data.svc.cluster.local:9092",
              "MONGO_URI": "mongodb://mongodb.data.svc.cluster.local:27017",
              "OTEL_ENDPOINT": "http://otel-collector.observability.svc.cluster.local:4317",
              "POSTGRES_HOST": "postgres.data.svc.cluster.local",
              "REDIS_HOST": "valkey.data.svc.cluster.local",
              "S3_ENDPOINT": "http://minio.data.svc.cluster.local:9000"
            },
            "id": "carsharing/app-endpoints",
            "immutable": false,
            "metadata": [
              {
                "annotations": null,
                "generate_name": "",
                "generation": 0,
                "labels": {
                  "platform.carsharing/managed-by": "terraform"
                },
                "name": "app-endpoints",
                "namespace": "carsharing",
                "resource_version": "30451",
                "uid": "63bd2639-562f-49ca-bfa5-f3ae61f8e0ab"
              }
            ]
          },
          "sensitive_attributes": [],
          "identity_schema_version": 1,
          "identity": {
            "api_version": "v1",
            "kind": "ConfigMap",
            "name": "app-endpoints",
            "namespace": "carsharing"
          },
          "private": "bnVsbA==",
          "dependencies": [
            "kubernetes_namespace_v1.platform"
          ]
        }
      ]
    },
    {
      "mode": "managed",
      "type": "kubernetes_namespace_v1",
      "name": "platform",
      "provider": "provider[\"registry.terraform.io/hashicorp/kubernetes\"]",
      "instances": [
        {
          "index_key": "argocd",
          "schema_version": 0,
          "attributes": {
            "id": "argocd",
            "metadata": [
              {
                "annotations": null,
                "generate_name": "",
                "generation": 0,
                "labels": {
                  "platform.carsharing/managed-by": "terraform",
                  "tier": "platform"
                },
                "name": "argocd",
                "resource_version": "30428",
                "uid": "7ae1aac1-6a46-4214-a6da-e5205fd043d4"
              }
            ],
            "timeouts": null,
            "wait_for_default_service_account": false
          },
          "sensitive_attributes": [],
          "identity_schema_version": 1,
          "identity": {
            "api_version": "v1",
            "kind": "Namespace",
            "name": "argocd"
          },
          "private": "eyJlMmJmYjczMC1lY2FhLTExZTYtOGY4OC0zNDM2M2JjN2M0YzAiOnsiZGVsZXRlIjozMDAwMDAwMDAwMDB9fQ=="
        },
        {
          "index_key": "carsharing",
          "schema_version": 0,
          "attributes": {
            "id": "carsharing",
            "metadata": [
              {
                "annotations": {},
                "generate_name": "",
                "generation": 0,
                "labels": {
                  "app.kubernetes.io/part-of": "carsharing",
                  "istio-injection": "enabled",
                  "platform.carsharing/managed-by": "terraform",
                  "tier": "application"
                },
                "name": "carsharing",
                "resource_version": "30426",
                "uid": "bab26bde-52d0-4b36-bec9-10bd465249a3"
              }
            ],
            "timeouts": null,
            "wait_for_default_service_account": false
          },
          "sensitive_attributes": [],
          "identity_schema_version": 1,
          "identity": {
            "api_version": "v1",
            "kind": "Namespace",
            "name": "carsharing"
          },
          "private": "eyJlMmJmYjczMC1lY2FhLTExZTYtOGY4OC0zNDM2M2JjN2M0YzAiOnsiZGVsZXRlIjozMDAwMDAwMDAwMDB9fQ=="
        },
        {
          "index_key": "ci",
          "schema_version": 0,
          "attributes": {
            "id": "ci",
            "metadata": [
              {
                "annotations": null,
                "generate_name": "",
                "generation": 0,
                "labels": {
                  "platform.carsharing/managed-by": "terraform",
                  "tier": "platform"
                },
                "name": "ci",
                "resource_version": "30430",
                "uid": "b52b3adf-381a-4ed2-be02-685490c83618"
              }
            ],
            "timeouts": null,
            "wait_for_default_service_account": false
          },
          "sensitive_attributes": [],
          "identity_schema_version": 1,
          "identity": {
            "api_version": "v1",
            "kind": "Namespace",
            "name": "ci"
          },
          "private": "eyJlMmJmYjczMC1lY2FhLTExZTYtOGY4OC0zNDM2M2JjN2M0YzAiOnsiZGVsZXRlIjozMDAwMDAwMDAwMDB9fQ=="
        },
        {
          "index_key": "data",
          "schema_version": 0,
          "attributes": {
            "id": "data",
            "metadata": [
              {
                "annotations": {},
                "generate_name": "",
                "generation": 0,
                "labels": {
                  "platform.carsharing/managed-by": "terraform",
                  "tier": "data"
                },
                "name": "data",
                "resource_version": "30427",
                "uid": "fe155bea-4e2c-4d74-841e-25a9358285d0"
              }
            ],
            "timeouts": null,
            "wait_for_default_service_account": false
          },
          "sensitive_attributes": [],
          "identity_schema_version": 1,
          "identity": {
            "api_version": "v1",
            "kind": "Namespace",
            "name": "data"
          },
          "private": "eyJlMmJmYjczMC1lY2FhLTExZTYtOGY4OC0zNDM2M2JjN2M0YzAiOnsiZGVsZXRlIjozMDAwMDAwMDAwMDB9fQ=="
        },
        {
          "index_key": "ingress",
          "schema_version": 0,
          "attributes": {
            "id": "ingress",
            "metadata": [
              {
                "annotations": null,
                "generate_name": "",
                "generation": 0,
                "labels": {
                  "platform.carsharing/managed-by": "terraform",
                  "tier": "edge"
                },
                "name": "ingress",
                "resource_version": "30432",
                "uid": "26546b9e-f54a-44a5-966a-0157614446db"
              }
            ],
            "timeouts": null,
            "wait_for_default_service_account": false
          },
          "sensitive_attributes": [],
          "identity_schema_version": 1,
          "identity": {
            "api_version": "v1",
            "kind": "Namespace",
            "name": "ingress"
          },
          "private": "eyJlMmJmYjczMC1lY2FhLTExZTYtOGY4OC0zNDM2M2JjN2M0YzAiOnsiZGVsZXRlIjozMDAwMDAwMDAwMDB9fQ=="
        },
        {
          "index_key": "observability",
          "schema_version": 0,
          "attributes": {
            "id": "observability",
            "metadata": [
              {
                "annotations": null,
                "generate_name": "",
                "generation": 0,
                "labels": {
                  "platform.carsharing/managed-by": "terraform",
                  "tier": "observability"
                },
                "name": "observability",
                "resource_version": "30429",
                "uid": "a788a168-ffc5-476a-afbf-eaf6faba110d"
              }
            ],
            "timeouts": null,
            "wait_for_default_service_account": false
          },
          "sensitive_attributes": [],
          "identity_schema_version": 1,
          "identity": {
            "api_version": "v1",
            "kind": "Namespace",
            "name": "observability"
          },
          "private": "eyJlMmJmYjczMC1lY2FhLTExZTYtOGY4OC0zNDM2M2JjN2M0YzAiOnsiZGVsZXRlIjozMDAwMDAwMDAwMDB9fQ=="
        },
        {
          "index_key": "ratelimit",
          "schema_version": 0,
          "attributes": {
            "id": "ratelimit",
            "metadata": [
              {
                "annotations": null,
                "generate_name": "",
                "generation": 0,
                "labels": {
                  "istio-injection": "enabled",
                  "platform.carsharing/managed-by": "terraform",
                  "tier": "edge"
                },
                "name": "ratelimit",
                "resource_version": "30431",
                "uid": "f0ec8b79-20f7-4e75-aec8-9ecbdc978de3"
              }
            ],
            "timeouts": null,
            "wait_for_default_service_account": false
          },
          "sensitive_attributes": [],
          "identity_schema_version": 1,
          "identity": {
            "api_version": "v1",
            "kind": "Namespace",
            "name": "ratelimit"
          },
          "private": "eyJlMmJmYjczMC1lY2FhLTExZTYtOGY4OC0zNDM2M2JjN2M0YzAiOnsiZGVsZXRlIjozMDAwMDAwMDAwMDB9fQ=="
        }
      ]
    },
    {
      "mode": "managed",
      "type": "kubernetes_role_binding_v1",
      "name": "kaniko_builder",
      "provider": "provider[\"registry.terraform.io/hashicorp/kubernetes\"]",
      "instances": [
        {
          "schema_version": 0,
          "attributes": {
            "id": "ci/kaniko-builder",
            "metadata": [
              {
                "annotations": null,
                "generate_name": "",
                "generation": 0,
                "labels": null,
                "name": "kaniko-builder",
                "namespace": "ci",
                "resource_version": "30468",
                "uid": "1bba27d7-8b2b-4b84-b78e-4eab02bec603"
              }
            ],
            "role_ref": [
              {
                "api_group": "rbac.authorization.k8s.io",
                "kind": "Role",
                "name": "kaniko-builder"
              }
            ],
            "subject": [
              {
                "api_group": "",
                "kind": "ServiceAccount",
                "name": "kaniko-builder",
                "namespace": "ci"
              }
            ]
          },
          "sensitive_attributes": [],
          "identity_schema_version": 1,
          "identity": {
            "api_version": "rbac.authorization.k8s.io/v1",
            "kind": "RoleBinding",
            "name": "kaniko-builder",
            "namespace": "ci"
          },
          "private": "bnVsbA==",
          "dependencies": [
            "kubernetes_namespace_v1.platform",
            "kubernetes_role_v1.kaniko_builder",
            "kubernetes_service_account_v1.ci"
          ]
        }
      ]
    },
    {
      "mode": "managed",
      "type": "kubernetes_role_v1",
      "name": "kaniko_builder",
      "provider": "provider[\"registry.terraform.io/hashicorp/kubernetes\"]",
      "instances": [
        {
          "schema_version": 0,
          "attributes": {
            "id": "ci/kaniko-builder",
            "metadata": [
              {
                "annotations": null,
                "generate_name": "",
                "generation": 0,
                "labels": null,
                "name": "kaniko-builder",
                "namespace": "ci",
                "resource_version": "30458",
                "uid": "b936f552-13ee-48f8-8199-ad15a81a80f1"
              }
            ],
            "rule": [
              {
                "api_groups": [
                  ""
                ],
                "resource_names": null,
                "resources": [
                  "configmaps",
                  "secrets"
                ],
                "verbs": [
                  "get",
                  "list"
                ]
              },
              {
                "api_groups": [
                  "batch"
                ],
                "resource_names": null,
                "resources": [
                  "jobs"
                ],
                "verbs": [
                  "create",
                  "delete",
                  "get",
                  "list",
                  "watch"
                ]
              }
            ]
          },
          "sensitive_attributes": [],
          "identity_schema_version": 1,
          "identity": {
            "api_version": "rbac.authorization.k8s.io/v1",
            "kind": "Role",
            "name": "kaniko-builder",
            "namespace": "ci"
          },
          "private": "bnVsbA==",
          "dependencies": [
            "kubernetes_namespace_v1.platform"
          ]
        }
      ]
    },
    {
      "mode": "managed",
      "type": "kubernetes_secret_v1",
      "name": "image_pull",
      "provider": "provider[\"registry.terraform.io/hashicorp/kubernetes\"]",
      "instances": [
        {
          "index_key": "carsharing",
          "schema_version": 0,
          "attributes": {
            "binary_data": null,
            "binary_data_wo": null,
            "binary_data_wo_revision": null,
            "data": {
              ".dockerconfigjson": "{\"auths\":{\"registry.ci.svc.cluster.local:5000\":{\"auth\":\"Y2Fyc2hhcmluZzpjYXJzaGFyaW5n\",\"password\":\"carsharing\",\"username\":\"carsharing\"}}}"
            },
            "data_wo": null,
            "data_wo_revision": null,
            "id": "carsharing/registry-pull",
            "immutable": false,
            "metadata": [
              {
                "annotations": null,
                "generate_name": "",
                "generation": 0,
                "labels": {
                  "platform.carsharing/managed-by": "terraform"
                },
                "name": "registry-pull",
                "namespace": "carsharing",
                "resource_version": "30454",
                "uid": "d98e8a74-ad6f-453d-a10a-c91e00a008f3"
              }
            ],
            "timeouts": null,
            "type": "kubernetes.io/dockerconfigjson",
            "wait_for_service_account_token": true
          },
          "sensitive_attributes": [
            [
              {
                "type": "get_attr",
                "value": "binary_data"
              }
            ],
            [
              {
                "type": "get_attr",
                "value": "data"
              }
            ],
            [
              {
                "type": "get_attr",
                "value": "data"
              },
              {
                "type": "index",
                "value": {
                  "value": ".dockerconfigjson",
                  "type": "string"
                }
              }
            ]
          ],
          "identity_schema_version": 1,
          "identity": {
            "api_version": "v1",
            "kind": "Secret",
            "name": "registry-pull",
            "namespace": "carsharing"
          },
          "private": "eyJlMmJmYjczMC1lY2FhLTExZTYtOGY4OC0zNDM2M2JjN2M0YzAiOnsiY3JlYXRlIjo2MDAwMDAwMDAwMH19",
          "dependencies": [
            "kubernetes_namespace_v1.platform"
          ]
        },
        {
          "index_key": "ci",
          "schema_version": 0,
          "attributes": {
            "binary_data": null,
            "binary_data_wo": null,
            "binary_data_wo_revision": null,
            "data": {
              ".dockerconfigjson": "{\"auths\":{\"registry.ci.svc.cluster.local:5000\":{\"auth\":\"Y2Fyc2hhcmluZzpjYXJzaGFyaW5n\",\"password\":\"carsharing\",\"username\":\"carsharing\"}}}"
            },
            "data_wo": null,
            "data_wo_revision": null,
            "id": "ci/registry-pull",
            "immutable": false,
            "metadata": [
              {
                "annotations": null,
                "generate_name": "",
                "generation": 0,
                "labels": {
                  "platform.carsharing/managed-by": "terraform"
                },
                "name": "registry-pull",
                "namespace": "ci",
                "resource_version": "30449",
                "uid": "303e1dd1-9b74-4c3a-b578-e7260ca04111"
              }
            ],
            "timeouts": null,
            "type": "kubernetes.io/dockerconfigjson",
            "wait_for_service_account_token": true
          },
          "sensitive_attributes": [
            [
              {
                "type": "get_attr",
                "value": "binary_data"
              }
            ],
            [
              {
                "type": "get_attr",
                "value": "data"
              }
            ],
            [
              {
                "type": "get_attr",
                "value": "data"
              },
              {
                "type": "index",
                "value": {
                  "value": ".dockerconfigjson",
                  "type": "string"
                }
              }
            ]
          ],
          "identity_schema_version": 1,
          "identity": {
            "api_version": "v1",
            "kind": "Secret",
            "name": "registry-pull",
            "namespace": "ci"
          },
          "private": "eyJlMmJmYjczMC1lY2FhLTExZTYtOGY4OC0zNDM2M2JjN2M0YzAiOnsiY3JlYXRlIjo2MDAwMDAwMDAwMH19",
          "dependencies": [
            "kubernetes_namespace_v1.platform"
          ]
        }
      ]
    },
    {
      "mode": "managed",
      "type": "kubernetes_secret_v1",
      "name": "minio",
      "provider": "provider[\"registry.terraform.io/hashicorp/kubernetes\"]",
      "instances": [
        {
          "schema_version": 0,
          "attributes": {
            "binary_data": null,
            "binary_data_wo": null,
            "binary_data_wo_revision": null,
            "data": {
              "MINIO_ROOT_PASSWORD": "j9PIXIpQPhyIyzqry1XOdq52",
              "MINIO_ROOT_USER": "carsharing"
            },
            "data_wo": null,
            "data_wo_revision": null,
            "id": "data/minio-credentials",
            "immutable": false,
            "metadata": [
              {
                "annotations": null,
                "generate_name": "",
                "generation": 0,
                "labels": {
                  "platform.carsharing/managed-by": "terraform"
                },
                "name": "minio-credentials",
                "namespace": "data",
                "resource_version": "30456",
                "uid": "13630d36-a2b8-426d-9c0a-5069315adfbb"
              }
            ],
            "timeouts": null,
            "type": "Opaque",
            "wait_for_service_account_token": true
          },
          "sensitive_attributes": [
            [
              {
                "type": "get_attr",
                "value": "binary_data"
              }
            ],
            [
              {
                "type": "get_attr",
                "value": "data"
              }
            ],
            [
              {
                "type": "get_attr",
                "value": "data"
              },
              {
                "type": "index",
                "value": {
                  "value": "MINIO_ROOT_PASSWORD",
                  "type": "string"
                }
              }
            ]
          ],
          "identity_schema_version": 1,
          "identity": {
            "api_version": "v1",
            "kind": "Secret",
            "name": "minio-credentials",
            "namespace": "data"
          },
          "private": "eyJlMmJmYjczMC1lY2FhLTExZTYtOGY4OC0zNDM2M2JjN2M0YzAiOnsiY3JlYXRlIjo2MDAwMDAwMDAwMH19",
          "dependencies": [
            "kubernetes_namespace_v1.platform",
            "random_password.minio"
          ]
        }
      ]
    },
    {
      "mode": "managed",
      "type": "kubernetes_secret_v1",
      "name": "postgres",
      "provider": "provider[\"registry.terraform.io/hashicorp/kubernetes\"]",
      "instances": [
        {
          "schema_version": 0,
          "attributes": {
            "binary_data": null,
            "binary_data_wo": null,
            "binary_data_wo_revision": null,
            "data": {
              "POSTGRES_DB": "carsharing",
              "POSTGRES_PASSWORD": "w8sW8nBKqDUlbvH7vSNxuVpJ",
              "POSTGRES_USER": "carsharing"
            },
            "data_wo": null,
            "data_wo_revision": null,
            "id": "data/postgres-credentials",
            "immutable": false,
            "metadata": [
              {
                "annotations": null,
                "generate_name": "",
                "generation": 0,
                "labels": {
                  "platform.carsharing/managed-by": "terraform"
                },
                "name": "postgres-credentials",
                "namespace": "data",
                "resource_version": "30453",
                "uid": "4446f9f4-b1d5-4b6b-b51f-fc39d4669493"
              }
            ],
            "timeouts": null,
            "type": "Opaque",
            "wait_for_service_account_token": true
          },
          "sensitive_attributes": [
            [
              {
                "type": "get_attr",
                "value": "binary_data"
              }
            ],
            [
              {
                "type": "get_attr",
                "value": "data"
              }
            ],
            [
              {
                "type": "get_attr",
                "value": "data"
              },
              {
                "type": "index",
                "value": {
                  "value": "POSTGRES_PASSWORD",
                  "type": "string"
                }
              }
            ]
          ],
          "identity_schema_version": 1,
          "identity": {
            "api_version": "v1",
            "kind": "Secret",
            "name": "postgres-credentials",
            "namespace": "data"
          },
          "private": "eyJlMmJmYjczMC1lY2FhLTExZTYtOGY4OC0zNDM2M2JjN2M0YzAiOnsiY3JlYXRlIjo2MDAwMDAwMDAwMH19",
          "dependencies": [
            "kubernetes_namespace_v1.platform",
            "random_password.postgres"
          ]
        }
      ]
    },
    {
      "mode": "managed",
      "type": "kubernetes_secret_v1",
      "name": "redis",
      "provider": "provider[\"registry.terraform.io/hashicorp/kubernetes\"]",
      "instances": [
        {
          "schema_version": 0,
          "attributes": {
            "binary_data": null,
            "binary_data_wo": null,
            "binary_data_wo_revision": null,
            "data": {
              "REDIS_PASSWORD": "CKcjUILnDhQYiCJenNKRT0Xd"
            },
            "data_wo": null,
            "data_wo_revision": null,
            "id": "data/redis-credentials",
            "immutable": false,
            "metadata": [
              {
                "annotations": null,
                "generate_name": "",
                "generation": 0,
                "labels": {
                  "platform.carsharing/managed-by": "terraform"
                },
                "name": "redis-credentials",
                "namespace": "data",
                "resource_version": "30455",
                "uid": "d9d7ac97-4fd8-4a5a-b558-711e460959f5"
              }
            ],
            "timeouts": null,
            "type": "Opaque",
            "wait_for_service_account_token": true
          },
          "sensitive_attributes": [
            [
              {
                "type": "get_attr",
                "value": "binary_data"
              }
            ],
            [
              {
                "type": "get_attr",
                "value": "data"
              }
            ],
            [
              {
                "type": "get_attr",
                "value": "data"
              },
              {
                "type": "index",
                "value": {
                  "value": "REDIS_PASSWORD",
                  "type": "string"
                }
              }
            ]
          ],
          "identity_schema_version": 1,
          "identity": {
            "api_version": "v1",
            "kind": "Secret",
            "name": "redis-credentials",
            "namespace": "data"
          },
          "private": "eyJlMmJmYjczMC1lY2FhLTExZTYtOGY4OC0zNDM2M2JjN2M0YzAiOnsiY3JlYXRlIjo2MDAwMDAwMDAwMH19",
          "dependencies": [
            "kubernetes_namespace_v1.platform",
            "random_password.redis"
          ]
        }
      ]
    },
    {
      "mode": "managed",
      "type": "kubernetes_service_account_v1",
      "name": "apps",
      "provider": "provider[\"registry.terraform.io/hashicorp/kubernetes\"]",
      "instances": [
        {
          "index_key": "api-gateway",
          "schema_version": 0,
          "attributes": {
            "automount_service_account_token": true,
            "default_secret_name": "",
            "id": "carsharing/api-gateway",
            "image_pull_secret": [],
            "metadata": [
              {
                "annotations": null,
                "generate_name": "",
                "generation": 0,
                "labels": {
                  "app.kubernetes.io/name": "api-gateway",
                  "app.kubernetes.io/part-of": "carsharing",
                  "platform.carsharing/managed-by": "terraform"
                },
                "name": "api-gateway",
                "namespace": "carsharing",
                "resource_version": "30467",
                "uid": "f57c777d-ee38-4421-8986-2c80c5cfd20d"
              }
            ],
            "secret": [],
            "timeouts": null
          },
          "sensitive_attributes": [],
          "identity_schema_version": 1,
          "identity": {
            "api_version": "v1",
            "kind": "ServiceAccount",
            "name": "api-gateway",
            "namespace": "carsharing"
          },
          "private": "eyJlMmJmYjczMC1lY2FhLTExZTYtOGY4OC0zNDM2M2JjN2M0YzAiOnsiY3JlYXRlIjozMDAwMDAwMDAwMH19",
          "dependencies": [
            "kubernetes_namespace_v1.platform"
          ]
        },
        {
          "index_key": "archive-service",
          "schema_version": 0,
          "attributes": {
            "automount_service_account_token": true,
            "default_secret_name": "",
            "id": "carsharing/archive-service",
            "image_pull_secret": [],
            "metadata": [
              {
                "annotations": null,
                "generate_name": "",
                "generation": 0,
                "labels": {
                  "app.kubernetes.io/name": "archive-service",
                  "app.kubernetes.io/part-of": "carsharing",
                  "platform.carsharing/managed-by": "terraform"
                },
                "name": "archive-service",
                "namespace": "carsharing",
                "resource_version": "30452",
                "uid": "301c9a50-77a5-4fb1-85f2-288687a8acc7"
              }
            ],
            "secret": [],
            "timeouts": null
          },
          "sensitive_attributes": [],
          "identity_schema_version": 1,
          "identity": {
            "api_version": "v1",
            "kind": "ServiceAccount",
            "name": "archive-service",
            "namespace": "carsharing"
          },
          "private": "eyJlMmJmYjczMC1lY2FhLTExZTYtOGY4OC0zNDM2M2JjN2M0YzAiOnsiY3JlYXRlIjozMDAwMDAwMDAwMH19",
          "dependencies": [
            "kubernetes_namespace_v1.platform"
          ]
        },
        {
          "index_key": "car-service",
          "schema_version": 0,
          "attributes": {
            "automount_service_account_token": true,
            "default_secret_name": "",
            "id": "carsharing/car-service",
            "image_pull_secret": [],
            "metadata": [
              {
                "annotations": null,
                "generate_name": "",
                "generation": 0,
                "labels": {
                  "app.kubernetes.io/name": "car-service",
                  "app.kubernetes.io/part-of": "carsharing",
                  "platform.carsharing/managed-by": "terraform"
                },
                "name": "car-service",
                "namespace": "carsharing",
                "resource_version": "30461",
                "uid": "8954c868-f427-4052-bc57-5e1158cd92aa"
              }
            ],
            "secret": [],
            "timeouts": null
          },
          "sensitive_attributes": [],
          "identity_schema_version": 1,
          "identity": {
            "api_version": "v1",
            "kind": "ServiceAccount",
            "name": "car-service",
            "namespace": "carsharing"
          },
          "private": "eyJlMmJmYjczMC1lY2FhLTExZTYtOGY4OC0zNDM2M2JjN2M0YzAiOnsiY3JlYXRlIjozMDAwMDAwMDAwMH19",
          "dependencies": [
            "kubernetes_namespace_v1.platform"
          ]
        },
        {
          "index_key": "fleet-service",
          "schema_version": 0,
          "attributes": {
            "automount_service_account_token": true,
            "default_secret_name": "",
            "id": "carsharing/fleet-service",
            "image_pull_secret": [],
            "metadata": [
              {
                "annotations": null,
                "generate_name": "",
                "generation": 0,
                "labels": {
                  "app.kubernetes.io/name": "fleet-service",
                  "app.kubernetes.io/part-of": "carsharing",
                  "platform.carsharing/managed-by": "terraform"
                },
                "name": "fleet-service",
                "namespace": "carsharing",
                "resource_version": "30464",
                "uid": "c60b96d0-5f17-4db0-a689-465ce34b3dea"
              }
            ],
            "secret": [],
            "timeouts": null
          },
          "sensitive_attributes": [],
          "identity_schema_version": 1,
          "identity": {
            "api_version": "v1",
            "kind": "ServiceAccount",
            "name": "fleet-service",
            "namespace": "carsharing"
          },
          "private": "eyJlMmJmYjczMC1lY2FhLTExZTYtOGY4OC0zNDM2M2JjN2M0YzAiOnsiY3JlYXRlIjozMDAwMDAwMDAwMH19",
          "dependencies": [
            "kubernetes_namespace_v1.platform"
          ]
        },
        {
          "index_key": "kafka-client",
          "schema_version": 0,
          "attributes": {
            "automount_service_account_token": true,
            "default_secret_name": "",
            "id": "carsharing/kafka-client",
            "image_pull_secret": [],
            "metadata": [
              {
                "annotations": null,
                "generate_name": "",
                "generation": 0,
                "labels": {
                  "app.kubernetes.io/name": "kafka-client",
                  "app.kubernetes.io/part-of": "carsharing",
                  "platform.carsharing/managed-by": "terraform"
                },
                "name": "kafka-client",
                "namespace": "carsharing",
                "resource_version": "30466",
                "uid": "4f9251dd-3cb2-4c86-ae86-1106c0fdcb74"
              }
            ],
            "secret": [],
            "timeouts": null
          },
          "sensitive_attributes": [],
          "identity_schema_version": 1,
          "identity": {
            "api_version": "v1",
            "kind": "ServiceAccount",
            "name": "kafka-client",
            "namespace": "carsharing"
          },
          "private": "eyJlMmJmYjczMC1lY2FhLTExZTYtOGY4OC0zNDM2M2JjN2M0YzAiOnsiY3JlYXRlIjozMDAwMDAwMDAwMH19",
          "dependencies": [
            "kubernetes_namespace_v1.platform"
          ]
        },
        {
          "index_key": "trip-service",
          "schema_version": 0,
          "attributes": {
            "automount_service_account_token": true,
            "default_secret_name": "",
            "id": "carsharing/trip-service",
            "image_pull_secret": [],
            "metadata": [
              {
                "annotations": null,
                "generate_name": "",
                "generation": 0,
                "labels": {
                  "app.kubernetes.io/name": "trip-service",
                  "app.kubernetes.io/part-of": "carsharing",
                  "platform.carsharing/managed-by": "terraform"
                },
                "name": "trip-service",
                "namespace": "carsharing",
                "resource_version": "30462",
                "uid": "059ae140-498a-4143-8cf6-d86b4b2dc38e"
              }
            ],
            "secret": [],
            "timeouts": null
          },
          "sensitive_attributes": [],
          "identity_schema_version": 1,
          "identity": {
            "api_version": "v1",
            "kind": "ServiceAccount",
            "name": "trip-service",
            "namespace": "carsharing"
          },
          "private": "eyJlMmJmYjczMC1lY2FhLTExZTYtOGY4OC0zNDM2M2JjN2M0YzAiOnsiY3JlYXRlIjozMDAwMDAwMDAwMH19",
          "dependencies": [
            "kubernetes_namespace_v1.platform"
          ]
        },
        {
          "index_key": "user-service",
          "schema_version": 0,
          "attributes": {
            "automount_service_account_token": true,
            "default_secret_name": "",
            "id": "carsharing/user-service",
            "image_pull_secret": [],
            "metadata": [
              {
                "annotations": null,
                "generate_name": "",
                "generation": 0,
                "labels": {
                  "app.kubernetes.io/name": "user-service",
                  "app.kubernetes.io/part-of": "carsharing",
                  "platform.carsharing/managed-by": "terraform"
                },
                "name": "user-service",
                "namespace": "carsharing",
                "resource_version": "30465",
                "uid": "bc4ac619-0688-4eb9-ba26-001f6eeb7901"
              }
            ],
            "secret": [],
            "timeouts": null
          },
          "sensitive_attributes": [],
          "identity_schema_version": 1,
          "identity": {
            "api_version": "v1",
            "kind": "ServiceAccount",
            "name": "user-service",
            "namespace": "carsharing"
          },
          "private": "eyJlMmJmYjczMC1lY2FhLTExZTYtOGY4OC0zNDM2M2JjN2M0YzAiOnsiY3JlYXRlIjozMDAwMDAwMDAwMH19",
          "dependencies": [
            "kubernetes_namespace_v1.platform"
          ]
        }
      ]
    },
    {
      "mode": "managed",
      "type": "kubernetes_service_account_v1",
      "name": "ci",
      "provider": "provider[\"registry.terraform.io/hashicorp/kubernetes\"]",
      "instances": [
        {
          "index_key": "argocd-image-updater",
          "schema_version": 0,
          "attributes": {
            "automount_service_account_token": true,
            "default_secret_name": "",
            "id": "argocd/argocd-image-updater",
            "image_pull_secret": [],
            "metadata": [
              {
                "annotations": null,
                "generate_name": "",
                "generation": 0,
                "labels": {
                  "platform.carsharing/managed-by": "terraform"
                },
                "name": "argocd-image-updater",
                "namespace": "argocd",
                "resource_version": "30448",
                "uid": "fc7ca6f3-6e9b-45ea-a369-12deef72e990"
              }
            ],
            "secret": [],
            "timeouts": null
          },
          "sensitive_attributes": [],
          "identity_schema_version": 1,
          "identity": {
            "api_version": "v1",
            "kind": "ServiceAccount",
            "name": "argocd-image-updater",
            "namespace": "argocd"
          },
          "private": "eyJlMmJmYjczMC1lY2FhLTExZTYtOGY4OC0zNDM2M2JjN2M0YzAiOnsiY3JlYXRlIjozMDAwMDAwMDAwMH19",
          "dependencies": [
            "kubernetes_namespace_v1.platform"
          ]
        },
        {
          "index_key": "kaniko-builder",
          "schema_version": 0,
          "attributes": {
            "automount_service_account_token": true,
            "default_secret_name": "",
            "id": "ci/kaniko-builder",
            "image_pull_secret": [],
            "metadata": [
              {
                "annotations": null,
                "generate_name": "",
                "generation": 0,
                "labels": {
                  "platform.carsharing/managed-by": "terraform"
                },
                "name": "kaniko-builder",
                "namespace": "ci",
                "resource_version": "30447",
                "uid": "6e8c88a4-b242-4d38-a106-a390fe1e839d"
              }
            ],
            "secret": [],
            "timeouts": null
          },
          "sensitive_attributes": [],
          "identity_schema_version": 1,
          "identity": {
            "api_version": "v1",
            "kind": "ServiceAccount",
            "name": "kaniko-builder",
            "namespace": "ci"
          },
          "private": "eyJlMmJmYjczMC1lY2FhLTExZTYtOGY4OC0zNDM2M2JjN2M0YzAiOnsiY3JlYXRlIjozMDAwMDAwMDAwMH19",
          "dependencies": [
            "kubernetes_namespace_v1.platform"
          ]
        }
      ]
    },
    {
      "mode": "managed",
      "type": "random_password",
      "name": "minio",
      "provider": "provider[\"registry.terraform.io/hashicorp/random\"]",
      "instances": [
        {
          "schema_version": 3,
          "attributes": {
            "bcrypt_hash": "$2a$10$s48bhVIEk4oIZ23FsTuBOOoE1YubbVJ0BtPvjZq22IvMgkBDifeeO",
            "id": "none",
            "keepers": null,
            "length": 24,
            "lower": true,
            "min_lower": 0,
            "min_numeric": 0,
            "min_special": 0,
            "min_upper": 0,
            "number": true,
            "numeric": true,
            "override_special": null,
            "result": "j9PIXIpQPhyIyzqry1XOdq52",
            "special": false,
            "upper": true
          },
          "sensitive_attributes": [
            [
              {
                "type": "get_attr",
                "value": "bcrypt_hash"
              }
            ],
            [
              {
                "type": "get_attr",
                "value": "result"
              }
            ]
          ],
          "identity_schema_version": 0
        }
      ]
    },
    {
      "mode": "managed",
      "type": "random_password",
      "name": "postgres",
      "provider": "provider[\"registry.terraform.io/hashicorp/random\"]",
      "instances": [
        {
          "schema_version": 3,
          "attributes": {
            "bcrypt_hash": "$2a$10$npSXbJSJX2d.beycuglY3uwnq1UsqyNMdaiOp8LM6lxkBFWCghrqe",
            "id": "none",
            "keepers": null,
            "length": 24,
            "lower": true,
            "min_lower": 0,
            "min_numeric": 0,
            "min_special": 0,
            "min_upper": 0,
            "number": true,
            "numeric": true,
            "override_special": null,
            "result": "w8sW8nBKqDUlbvH7vSNxuVpJ",
            "special": false,
            "upper": true
          },
          "sensitive_attributes": [
            [
              {
                "type": "get_attr",
                "value": "bcrypt_hash"
              }
            ],
            [
              {
                "type": "get_attr",
                "value": "result"
              }
            ]
          ],
          "identity_schema_version": 0
        }
      ]
    },
    {
      "mode": "managed",
      "type": "random_password",
      "name": "redis",
      "provider": "provider[\"registry.terraform.io/hashicorp/random\"]",
      "instances": [
        {
          "schema_version": 3,
          "attributes": {
            "bcrypt_hash": "$2a$10$lgai9nyGYqjuXGU7Jr2C7OgsU3/3gloPWkZ7nLISuBplsHDGXvrSa",
            "id": "none",
            "keepers": null,
            "length": 24,
            "lower": true,
            "min_lower": 0,
            "min_numeric": 0,
            "min_special": 0,
            "min_upper": 0,
            "number": true,
            "numeric": true,
            "override_special": null,
            "result": "CKcjUILnDhQYiCJenNKRT0Xd",
            "special": false,
            "upper": true
          },
          "sensitive_attributes": [
            [
              {
                "type": "get_attr",
                "value": "bcrypt_hash"
              }
            ],
            [
              {
                "type": "get_attr",
                "value": "result"
              }
            ]
          ],
          "identity_schema_version": 0
        }
      ]
    }
  ],
  "check_results": null
}
