{
  "version": 4,
  "terraform_version": "1.15.3",
  "serial": 26,
  "lineage": "7380cd5c-64ce-5a72-522f-1f40aa44623b",
  "outputs": {
    "image_registry": {
      "value": "registry.ci.svc.cluster.local:5000",
      "type": "string"
    },
    "namespaces": {
      "value": [
        "argocd",
        "carsharing",
        "ci",
        "data",
        "ingress",
        "observability",
        "ratelimit"
      ],
      "type": [
        "tuple",
        [
          "string",
          "string",
          "string",
          "string",
          "string",
          "string",
          "string"
        ]
      ]
    },
    "service_accounts_carsharing": {
      "value": [
        "api-gateway",
        "archive-service",
        "car-service",
        "fleet-service",
        "kafka-client",
        "trip-service",
        "user-service"
      ],
      "type": [
        "tuple",
        [
          "string",
          "string",
          "string",
          "string",
          "string",
          "string",
          "string"
        ]
      ]
    }
  },
  "resources": [
    {
      "mode": "managed",
      "type": "kubernetes_config_map_v1",
      "name": "app_endpoints",
      "provider": "provider[\"registry.terraform.io/hashicorp/kubernetes\"]",
      "instances": [
        {
          "schema_version": 0,
          "attributes": {
            "binary_data": null,
            "data": {
              "CASSANDRA_HOST": "cassandra.data.svc.cluster.local",
              "KAFKA_BOOTSTRAP": "carsharing-kafka-bootstrap.data.svc.cluster.local:9092",
              "MONGO_URI": "mongodb://mongodb.data.svc.cluster.local:27017",
              "OTEL_ENDPOINT": "http://otel-collector.observability.svc.cluster.local:4317",
              "POSTGRES_HOST": "postgres.data.svc.cluster.local",
              "REDIS_HOST": "valkey.data.svc.cluster.local",
              "S3_ENDPOINT": "http://minio.data.svc.cluster.local:9000"
            },
            "id": "carsharing/app-endpoints",
            "immutable": false,
            "metadata": [
              {
                "annotations": null,
                "generate_name": "",
                "generation": 0,
                "labels": null,
                "name": "app-endpoints",
                "namespace": "carsharing",
                "resource_version": "5322",
                "uid": "9a16d76f-61e6-435c-a8fe-dc320e619135"
              }
            ]
          },
          "sensitive_attributes": [],
          "identity_schema_version": 1,
          "identity": {
            "api_version": "v1",
            "kind": "ConfigMap",
            "name": "app-endpoints",
            "namespace": "carsharing"
          },
          "private": "bnVsbA==",
          "dependencies": [
            "kubernetes_namespace_v1.platform"
          ]
        }
      ]
    },
    {
      "mode": "managed",
      "type": "kubernetes_namespace_v1",
      "name": "platform",
      "provider": "provider[\"registry.terraform.io/hashicorp/kubernetes\"]",
      "instances": [
        {
          "index_key": "argocd",
          "schema_version": 0,
          "attributes": {
            "id": "argocd",
            "metadata": [
              {
                "annotations": null,
                "generate_name": "",
                "generation": 0,
                "labels": {
                  "platform.carsharing/managed-by": "terraform",
                  "tier": "platform"
                },
                "name": "argocd",
                "resource_version": "5299",
                "uid": "12431ab0-d7c6-4182-a5bb-74f8835d442d"
              }
            ],
            "timeouts": null,
            "wait_for_default_service_account": false
          },
          "sensitive_attributes": [],
          "identity_schema_version": 1,
          "identity": {
            "api_version": "v1",
            "kind": "Namespace",
            "name": "argocd"
          },
          "private": "eyJlMmJmYjczMC1lY2FhLTExZTYtOGY4OC0zNDM2M2JjN2M0YzAiOnsiZGVsZXRlIjozMDAwMDAwMDAwMDB9fQ=="
        },
        {
          "index_key": "carsharing",
          "schema_version": 0,
          "attributes": {
            "id": "carsharing",
            "metadata": [
              {
                "annotations": null,
                "generate_name": "",
                "generation": 0,
                "labels": {
                  "app.kubernetes.io/part-of": "carsharing",
                  "istio-injection": "enabled",
                  "platform.carsharing/managed-by": "terraform",
                  "tier": "application"
                },
                "name": "carsharing",
                "resource_version": "5303",
                "uid": "8631efa1-63f1-4724-9eee-3cf30e5dc7c1"
              }
            ],
            "timeouts": null,
            "wait_for_default_service_account": false
          },
          "sensitive_attributes": [],
          "identity_schema_version": 1,
          "identity": {
            "api_version": "v1",
            "kind": "Namespace",
            "name": "carsharing"
          },
          "private": "eyJlMmJmYjczMC1lY2FhLTExZTYtOGY4OC0zNDM2M2JjN2M0YzAiOnsiZGVsZXRlIjozMDAwMDAwMDAwMDB9fQ=="
        },
        {
          "index_key": "ci",
          "schema_version": 0,
          "attributes": {
            "id": "ci",
            "metadata": [
              {
                "annotations": null,
                "generate_name": "",
                "generation": 0,
                "labels": {
                  "platform.carsharing/managed-by": "terraform",
                  "tier": "platform"
                },
                "name": "ci",
                "resource_version": "5298",
                "uid": "a8f6e563-0b3d-4c13-ada7-7c235284e794"
              }
            ],
            "timeouts": null,
            "wait_for_default_service_account": false
          },
          "sensitive_attributes": [],
          "identity_schema_version": 1,
          "identity": {
            "api_version": "v1",
            "kind": "Namespace",
            "name": "ci"
          },
          "private": "eyJlMmJmYjczMC1lY2FhLTExZTYtOGY4OC0zNDM2M2JjN2M0YzAiOnsiZGVsZXRlIjozMDAwMDAwMDAwMDB9fQ=="
        },
        {
          "index_key": "data",
          "schema_version": 0,
          "attributes": {
            "id": "data",
            "metadata": [
              {
                "annotations": null,
                "generate_name": "",
                "generation": 0,
                "labels": {
                  "platform.carsharing/managed-by": "terraform",
                  "tier": "data"
                },
                "name": "data",
                "resource_version": "5297",
                "uid": "dcf5f1d3-aab9-4bf5-a1ba-588a39b6edb5"
              }
            ],
            "timeouts": null,
            "wait_for_default_service_account": false
          },
          "sensitive_attributes": [],
          "identity_schema_version": 1,
          "identity": {
            "api_version": "v1",
            "kind": "Namespace",
            "name": "data"
          },
          "private": "eyJlMmJmYjczMC1lY2FhLTExZTYtOGY4OC0zNDM2M2JjN2M0YzAiOnsiZGVsZXRlIjozMDAwMDAwMDAwMDB9fQ=="
        },
        {
          "index_key": "ingress",
          "schema_version": 0,
          "attributes": {
            "id": "ingress",
            "metadata": [
              {
                "annotations": null,
                "generate_name": "",
                "generation": 0,
                "labels": {
                  "platform.carsharing/managed-by": "terraform",
                  "tier": "edge"
                },
                "name": "ingress",
                "resource_version": "5301",
                "uid": "8d22ddad-706a-4417-a634-5bb82f751d5f"
              }
            ],
            "timeouts": null,
            "wait_for_default_service_account": false
          },
          "sensitive_attributes": [],
          "identity_schema_version": 1,
          "identity": {
            "api_version": "v1",
            "kind": "Namespace",
            "name": "ingress"
          },
          "private": "eyJlMmJmYjczMC1lY2FhLTExZTYtOGY4OC0zNDM2M2JjN2M0YzAiOnsiZGVsZXRlIjozMDAwMDAwMDAwMDB9fQ=="
        },
        {
          "index_key": "observability",
          "schema_version": 0,
          "attributes": {
            "id": "observability",
            "metadata": [
              {
                "annotations": null,
                "generate_name": "",
                "generation": 0,
                "labels": {
                  "platform.carsharing/managed-by": "terraform",
                  "tier": "observability"
                },
                "name": "observability",
                "resource_version": "5300",
                "uid": "2dcc6861-f78e-4dc2-93ec-7ce9bde8df10"
              }
            ],
            "timeouts": null,
            "wait_for_default_service_account": false
          },
          "sensitive_attributes": [],
          "identity_schema_version": 1,
          "identity": {
            "api_version": "v1",
            "kind": "Namespace",
            "name": "observability"
          },
          "private": "eyJlMmJmYjczMC1lY2FhLTExZTYtOGY4OC0zNDM2M2JjN2M0YzAiOnsiZGVsZXRlIjozMDAwMDAwMDAwMDB9fQ=="
        },
        {
          "index_key": "ratelimit",
          "schema_version": 0,
          "attributes": {
            "id": "ratelimit",
            "metadata": [
              {
                "annotations": null,
                "generate_name": "",
                "generation": 0,
                "labels": {
                  "istio-injection": "enabled",
                  "platform.carsharing/managed-by": "terraform",
                  "tier": "edge"
                },
                "name": "ratelimit",
                "resource_version": "5302",
                "uid": "5ab62aa2-dc80-49dd-b0a7-9a2d301ea8c4"
              }
            ],
            "timeouts": null,
            "wait_for_default_service_account": false
          },
          "sensitive_attributes": [],
          "identity_schema_version": 1,
          "identity": {
            "api_version": "v1",
            "kind": "Namespace",
            "name": "ratelimit"
          },
          "private": "eyJlMmJmYjczMC1lY2FhLTExZTYtOGY4OC0zNDM2M2JjN2M0YzAiOnsiZGVsZXRlIjozMDAwMDAwMDAwMDB9fQ=="
        }
      ]
    },
    {
      "mode": "managed",
      "type": "kubernetes_role_binding_v1",
      "name": "kaniko_builder",
      "provider": "provider[\"registry.terraform.io/hashicorp/kubernetes\"]",
      "instances": [
        {
          "schema_version": 0,
          "attributes": {
            "id": "ci/kaniko-builder",
            "metadata": [
              {
                "annotations": null,
                "generate_name": "",
                "generation": 0,
                "labels": null,
                "name": "kaniko-builder",
                "namespace": "ci",
                "resource_version": "5334",
                "uid": "38dd0485-5ee3-41a3-99cd-d1a2eb3ed792"
              }
            ],
            "role_ref": [
              {
                "api_group": "rbac.authorization.k8s.io",
                "kind": "Role",
                "name": "kaniko-builder"
              }
            ],
            "subject": [
              {
                "api_group": "",
                "kind": "ServiceAccount",
                "name": "kaniko-builder",
                "namespace": "ci"
              }
            ]
          },
          "sensitive_attributes": [],
          "identity_schema_version": 1,
          "identity": {
            "api_version": "rbac.authorization.k8s.io/v1",
            "kind": "RoleBinding",
            "name": "kaniko-builder",
            "namespace": "ci"
          },
          "private": "bnVsbA==",
          "dependencies": [
            "kubernetes_namespace_v1.platform",
            "kubernetes_role_v1.kaniko_builder",
            "kubernetes_service_account_v1.ci"
          ]
        }
      ]
    },
    {
      "mode": "managed",
      "type": "kubernetes_role_v1",
      "name": "kaniko_builder",
      "provider": "provider[\"registry.terraform.io/hashicorp/kubernetes\"]",
      "instances": [
        {
          "schema_version": 0,
          "attributes": {
            "id": "ci/kaniko-builder",
            "metadata": [
              {
                "annotations": null,
                "generate_name": "",
                "generation": 0,
                "labels": null,
                "name": "kaniko-builder",
                "namespace": "ci",
                "resource_version": "5327",
                "uid": "ab8ea1a0-5b7f-42dd-8c0a-d5e24394279f"
              }
            ],
            "rule": [
              {
                "api_groups": [
                  ""
                ],
                "resource_names": null,
                "resources": [
                  "configmaps",
                  "secrets"
                ],
                "verbs": [
                  "get",
                  "list"
                ]
              },
              {
                "api_groups": [
                  "batch"
                ],
                "resource_names": null,
                "resources": [
                  "jobs"
                ],
                "verbs": [
                  "create",
                  "delete",
                  "get",
                  "list",
                  "watch"
                ]
              }
            ]
          },
          "sensitive_attributes": [],
          "identity_schema_version": 1,
          "identity": {
            "api_version": "rbac.authorization.k8s.io/v1",
            "kind": "Role",
            "name": "kaniko-builder",
            "namespace": "ci"
          },
          "private": "bnVsbA==",
          "dependencies": [
            "kubernetes_namespace_v1.platform"
          ]
        }
      ]
    },
    {
      "mode": "managed",
      "type": "kubernetes_secret_v1",
      "name": "image_pull",
      "provider": "provider[\"registry.terraform.io/hashicorp/kubernetes\"]",
      "instances": [
        {
          "index_key": "carsharing",
          "schema_version": 0,
          "attributes": {
            "binary_data": null,
            "binary_data_wo": null,
            "binary_data_wo_revision": null,
            "data": {
              ".dockerconfigjson": "{\"auths\":{\"registry.ci.svc.cluster.local:5000\":{\"auth\":\"Y2Fyc2hhcmluZzpjYXJzaGFyaW5n\",\"password\":\"carsharing\",\"username\":\"carsharing\"}}}"
            },
            "data_wo": null,
            "data_wo_revision": null,
            "id": "carsharing/registry-pull",
            "immutable": false,
            "metadata": [
              {
                "annotations": null,
                "generate_name": "",
                "generation": 0,
                "labels": null,
                "name": "registry-pull",
                "namespace": "carsharing",
                "resource_version": "5323",
                "uid": "066ca9a9-54ca-4f1f-9c13-a66ca057d00d"
              }
            ],
            "timeouts": null,
            "type": "kubernetes.io/dockerconfigjson",
            "wait_for_service_account_token": true
          },
          "sensitive_attributes": [
            [
              {
                "type": "get_attr",
                "value": "binary_data"
              }
            ],
            [
              {
                "type": "get_attr",
                "value": "data"
              }
            ]
          ],
          "identity_schema_version": 1,
          "identity": {
            "api_version": "v1",
            "kind": "Secret",
            "name": "registry-pull",
            "namespace": "carsharing"
          },
          "private": "eyJlMmJmYjczMC1lY2FhLTExZTYtOGY4OC0zNDM2M2JjN2M0YzAiOnsiY3JlYXRlIjo2MDAwMDAwMDAwMH19",
          "dependencies": [
            "kubernetes_namespace_v1.platform"
          ]
        },
        {
          "index_key": "ci",
          "schema_version": 0,
          "attributes": {
            "binary_data": null,
            "binary_data_wo": null,
            "binary_data_wo_revision": null,
            "data": {
              ".dockerconfigjson": "{\"auths\":{\"registry.ci.svc.cluster.local:5000\":{\"auth\":\"Y2Fyc2hhcmluZzpjYXJzaGFyaW5n\",\"password\":\"carsharing\",\"username\":\"carsharing\"}}}"
            },
            "data_wo": null,
            "data_wo_revision": null,
            "id": "ci/registry-pull",
            "immutable": false,
            "metadata": [
              {
                "annotations": null,
                "generate_name": "",
                "generation": 0,
                "labels": null,
                "name": "registry-pull",
                "namespace": "ci",
                "resource_version": "5320",
                "uid": "49a36ff1-0cab-425b-9799-c123b11ff987"
              }
            ],
            "timeouts": null,
            "type": "kubernetes.io/dockerconfigjson",
            "wait_for_service_account_token": true
          },
          "sensitive_attributes": [
            [
              {
                "type": "get_attr",
                "value": "binary_data"
              }
            ],
            [
              {
                "type": "get_attr",
                "value": "data"
              }
            ]
          ],
          "identity_schema_version": 1,
          "identity": {
            "api_version": "v1",
            "kind": "Secret",
            "name": "registry-pull",
            "namespace": "ci"
          },
          "private": "eyJlMmJmYjczMC1lY2FhLTExZTYtOGY4OC0zNDM2M2JjN2M0YzAiOnsiY3JlYXRlIjo2MDAwMDAwMDAwMH19",
          "dependencies": [
            "kubernetes_namespace_v1.platform"
          ]
        }
      ]
    },
    {
      "mode": "managed",
      "type": "kubernetes_secret_v1",
      "name": "minio",
      "provider": "provider[\"registry.terraform.io/hashicorp/kubernetes\"]",
      "instances": [
        {
          "schema_version": 0,
          "attributes": {
            "binary_data": null,
            "binary_data_wo": null,
            "binary_data_wo_revision": null,
            "data": {
              "MINIO_ROOT_PASSWORD": "j9PIXIpQPhyIyzqry1XOdq52",
              "MINIO_ROOT_USER": "carsharing"
            },
            "data_wo": null,
            "data_wo_revision": null,
            "id": "data/minio-credentials",
            "immutable": false,
            "metadata": [
              {
                "annotations": null,
                "generate_name": "",
                "generation": 0,
                "labels": null,
                "name": "minio-credentials",
                "namespace": "data",
                "resource_version": "5318",
                "uid": "b58fee15-4c40-4893-9f0b-f980443d68b2"
              }
            ],
            "timeouts": null,
            "type": "Opaque",
            "wait_for_service_account_token": true
          },
          "sensitive_attributes": [
            [
              {
                "type": "get_attr",
                "value": "binary_data"
              }
            ],
            [
              {
                "type": "get_attr",
                "value": "data"
              }
            ],
            [
              {
                "type": "get_attr",
                "value": "data"
              },
              {
                "type": "index",
                "value": {
                  "value": "MINIO_ROOT_PASSWORD",
                  "type": "string"
                }
              }
            ]
          ],
          "identity_schema_version": 1,
          "identity": {
            "api_version": "v1",
            "kind": "Secret",
            "name": "minio-credentials",
            "namespace": "data"
          },
          "private": "eyJlMmJmYjczMC1lY2FhLTExZTYtOGY4OC0zNDM2M2JjN2M0YzAiOnsiY3JlYXRlIjo2MDAwMDAwMDAwMH19",
          "dependencies": [
            "kubernetes_namespace_v1.platform",
            "random_password.minio"
          ]
        }
      ]
    },
    {
      "mode": "managed",
      "type": "kubernetes_secret_v1",
      "name": "postgres",
      "provider": "provider[\"registry.terraform.io/hashicorp/kubernetes\"]",
      "instances": [
        {
          "schema_version": 0,
          "attributes": {
            "binary_data": null,
            "binary_data_wo": null,
            "binary_data_wo_revision": null,
            "data": {
              "POSTGRES_DB": "carsharing",
              "POSTGRES_PASSWORD": "w8sW8nBKqDUlbvH7vSNxuVpJ",
              "POSTGRES_USER": "carsharing"
            },
            "data_wo": null,
            "data_wo_revision": null,
            "id": "data/postgres-credentials",
            "immutable": false,
            "metadata": [
              {
                "annotations": null,
                "generate_name": "",
                "generation": 0,
                "labels": {
                  "platform.carsharing/managed-by": "terraform"
                },
                "name": "postgres-credentials",
                "namespace": "data",
                "resource_version": "5321",
                "uid": "34d25ec4-d165-407f-9b33-a0050139c2b9"
              }
            ],
            "timeouts": null,
            "type": "Opaque",
            "wait_for_service_account_token": true
          },
          "sensitive_attributes": [
            [
              {
                "type": "get_attr",
                "value": "binary_data"
              }
            ],
            [
              {
                "type": "get_attr",
                "value": "data"
              }
            ],
            [
              {
                "type": "get_attr",
                "value": "data"
              },
              {
                "type": "index",
                "value": {
                  "value": "POSTGRES_PASSWORD",
                  "type": "string"
                }
              }
            ]
          ],
          "identity_schema_version": 1,
          "identity": {
            "api_version": "v1",
            "kind": "Secret",
            "name": "postgres-credentials",
            "namespace": "data"
          },
          "private": "eyJlMmJmYjczMC1lY2FhLTExZTYtOGY4OC0zNDM2M2JjN2M0YzAiOnsiY3JlYXRlIjo2MDAwMDAwMDAwMH19",
          "dependencies": [
            "kubernetes_namespace_v1.platform",
            "random_password.postgres"
          ]
        }
      ]
    },
    {
      "mode": "managed",
      "type": "kubernetes_secret_v1",
      "name": "redis",
      "provider": "provider[\"registry.terraform.io/hashicorp/kubernetes\"]",
      "instances": [
        {
          "schema_version": 0,
          "attributes": {
            "binary_data": null,
            "binary_data_wo": null,
            "binary_data_wo_revision": null,
            "data": {
              "REDIS_PASSWORD": "CKcjUILnDhQYiCJenNKRT0Xd"
            },
            "data_wo": null,
            "data_wo_revision": null,
            "id": "data/redis-credentials",
            "immutable": false,
            "metadata": [
              {
                "annotations": null,
                "generate_name": "",
                "generation": 0,
                "labels": null,
                "name": "redis-credentials",
                "namespace": "data",
                "resource_version": "5319",
                "uid": "5162a895-967c-4a39-a9cc-2a21b0abb25d"
              }
            ],
            "timeouts": null,
            "type": "Opaque",
            "wait_for_service_account_token": true
          },
          "sensitive_attributes": [
            [
              {
                "type": "get_attr",
                "value": "binary_data"
              }
            ],
            [
              {
                "type": "get_attr",
                "value": "data"
              }
            ],
            [
              {
                "type": "get_attr",
                "value": "data"
              },
              {
                "type": "index",
                "value": {
                  "value": "REDIS_PASSWORD",
                  "type": "string"
                }
              }
            ]
          ],
          "identity_schema_version": 1,
          "identity": {
            "api_version": "v1",
            "kind": "Secret",
            "name": "redis-credentials",
            "namespace": "data"
          },
          "private": "eyJlMmJmYjczMC1lY2FhLTExZTYtOGY4OC0zNDM2M2JjN2M0YzAiOnsiY3JlYXRlIjo2MDAwMDAwMDAwMH19",
          "dependencies": [
            "kubernetes_namespace_v1.platform",
            "random_password.redis"
          ]
        }
      ]
    },
    {
      "mode": "managed",
      "type": "kubernetes_service_account_v1",
      "name": "apps",
      "provider": "provider[\"registry.terraform.io/hashicorp/kubernetes\"]",
      "instances": [
        {
          "index_key": "api-gateway",
          "schema_version": 0,
          "attributes": {
            "automount_service_account_token": true,
            "default_secret_name": "",
            "id": "carsharing/api-gateway",
            "image_pull_secret": [],
            "metadata": [
              {
                "annotations": null,
                "generate_name": "",
                "generation": 0,
                "labels": {
                  "app.kubernetes.io/name": "api-gateway",
                  "app.kubernetes.io/part-of": "carsharing",
                  "platform.carsharing/managed-by": "terraform"
                },
                "name": "api-gateway",
                "namespace": "carsharing",
                "resource_version": "5332",
                "uid": "fd8447b5-3028-4dd6-a8c9-6d07ab574d91"
              }
            ],
            "secret": [],
            "timeouts": null
          },
          "sensitive_attributes": [],
          "identity_schema_version": 1,
          "identity": {
            "api_version": "v1",
            "kind": "ServiceAccount",
            "name": "api-gateway",
            "namespace": "carsharing"
          },
          "private": "eyJlMmJmYjczMC1lY2FhLTExZTYtOGY4OC0zNDM2M2JjN2M0YzAiOnsiY3JlYXRlIjozMDAwMDAwMDAwMH19",
          "dependencies": [
            "kubernetes_namespace_v1.platform"
          ]
        },
        {
          "index_key": "archive-service",
          "schema_version": 0,
          "attributes": {
            "automount_service_account_token": true,
            "default_secret_name": "",
            "id": "carsharing/archive-service",
            "image_pull_secret": [],
            "metadata": [
              {
                "annotations": null,
                "generate_name": "",
                "generation": 0,
                "labels": {
                  "app.kubernetes.io/name": "archive-service",
                  "app.kubernetes.io/part-of": "carsharing",
                  "platform.carsharing/managed-by": "terraform"
                },
                "name": "archive-service",
                "namespace": "carsharing",
                "resource_version": "5329",
                "uid": "e3cbdeb5-60d4-4590-8feb-301802a7816c"
              }
            ],
            "secret": [],
            "timeouts": null
          },
          "sensitive_attributes": [],
          "identity_schema_version": 1,
          "identity": {
            "api_version": "v1",
            "kind": "ServiceAccount",
            "name": "archive-service",
            "namespace": "carsharing"
          },
          "private": "eyJlMmJmYjczMC1lY2FhLTExZTYtOGY4OC0zNDM2M2JjN2M0YzAiOnsiY3JlYXRlIjozMDAwMDAwMDAwMH19",
          "dependencies": [
            "kubernetes_namespace_v1.platform"
          ]
        },
        {
          "index_key": "car-service",
          "schema_version": 0,
          "attributes": {
            "automount_service_account_token": true,
            "default_secret_name": "",
            "id": "carsharing/car-service",
            "image_pull_secret": [],
            "metadata": [
              {
                "annotations": null,
                "generate_name": "",
                "generation": 0,
                "labels": {
                  "app.kubernetes.io/name": "car-service",
                  "app.kubernetes.io/part-of": "carsharing",
                  "platform.carsharing/managed-by": "terraform"
                },
                "name": "car-service",
                "namespace": "carsharing",
                "resource_version": "5328",
                "uid": "bccdff7e-50cd-494a-952b-c86821f7e6d3"
              }
            ],
            "secret": [],
            "timeouts": null
          },
          "sensitive_attributes": [],
          "identity_schema_version": 1,
          "identity": {
            "api_version": "v1",
            "kind": "ServiceAccount",
            "name": "car-service",
            "namespace": "carsharing"
          },
          "private": "eyJlMmJmYjczMC1lY2FhLTExZTYtOGY4OC0zNDM2M2JjN2M0YzAiOnsiY3JlYXRlIjozMDAwMDAwMDAwMH19",
          "dependencies": [
            "kubernetes_namespace_v1.platform"
          ]
        },
        {
          "index_key": "fleet-service",
          "schema_version": 0,
          "attributes": {
            "automount_service_account_token": true,
            "default_secret_name": "",
            "id": "carsharing/fleet-service",
            "image_pull_secret": [],
            "metadata": [
              {
                "annotations": null,
                "generate_name": "",
                "generation": 0,
                "labels": {
                  "app.kubernetes.io/name": "fleet-service",
                  "app.kubernetes.io/part-of": "carsharing",
                  "platform.carsharing/managed-by": "terraform"
                },
                "name": "fleet-service",
                "namespace": "carsharing",
                "resource_version": "5331",
                "uid": "35d90f4b-d774-43d7-a34c-a9957ed75f47"
              }
            ],
            "secret": [],
            "timeouts": null
          },
          "sensitive_attributes": [],
          "identity_schema_version": 1,
          "identity": {
            "api_version": "v1",
            "kind": "ServiceAccount",
            "name": "fleet-service",
            "namespace": "carsharing"
          },
          "private": "eyJlMmJmYjczMC1lY2FhLTExZTYtOGY4OC0zNDM2M2JjN2M0YzAiOnsiY3JlYXRlIjozMDAwMDAwMDAwMH19",
          "dependencies": [
            "kubernetes_namespace_v1.platform"
          ]
        },
        {
          "index_key": "kafka-client",
          "schema_version": 0,
          "attributes": {
            "automount_service_account_token": true,
            "default_secret_name": "",
            "id": "carsharing/kafka-client",
            "image_pull_secret": [],
            "metadata": [
              {
                "annotations": null,
                "generate_name": "",
                "generation": 0,
                "labels": {
                  "app.kubernetes.io/name": "kafka-client",
                  "app.kubernetes.io/part-of": "carsharing",
                  "platform.carsharing/managed-by": "terraform"
                },
                "name": "kafka-client",
                "namespace": "carsharing",
                "resource_version": "5333",
                "uid": "101b4bb9-6df2-4a39-86f4-45a0be7e84de"
              }
            ],
            "secret": [],
            "timeouts": null
          },
          "sensitive_attributes": [],
          "identity_schema_version": 1,
          "identity": {
            "api_version": "v1",
            "kind": "ServiceAccount",
            "name": "kafka-client",
            "namespace": "carsharing"
          },
          "private": "eyJlMmJmYjczMC1lY2FhLTExZTYtOGY4OC0zNDM2M2JjN2M0YzAiOnsiY3JlYXRlIjozMDAwMDAwMDAwMH19",
          "dependencies": [
            "kubernetes_namespace_v1.platform"
          ]
        },
        {
          "index_key": "trip-service",
          "schema_version": 0,
          "attributes": {
            "automount_service_account_token": true,
            "default_secret_name": "",
            "id": "carsharing/trip-service",
            "image_pull_secret": [],
            "metadata": [
              {
                "annotations": null,
                "generate_name": "",
                "generation": 0,
                "labels": {
                  "app.kubernetes.io/name": "trip-service",
                  "app.kubernetes.io/part-of": "carsharing",
                  "platform.carsharing/managed-by": "terraform"
                },
                "name": "trip-service",
                "namespace": "carsharing",
                "resource_version": "5330",
                "uid": "654b3d4a-b191-4871-b9fd-b4f289848cb2"
              }
            ],
            "secret": [],
            "timeouts": null
          },
          "sensitive_attributes": [],
          "identity_schema_version": 1,
          "identity": {
            "api_version": "v1",
            "kind": "ServiceAccount",
            "name": "trip-service",
            "namespace": "carsharing"
          },
          "private": "eyJlMmJmYjczMC1lY2FhLTExZTYtOGY4OC0zNDM2M2JjN2M0YzAiOnsiY3JlYXRlIjozMDAwMDAwMDAwMH19",
          "dependencies": [
            "kubernetes_namespace_v1.platform"
          ]
        },
        {
          "index_key": "user-service",
          "schema_version": 0,
          "attributes": {
            "automount_service_account_token": true,
            "default_secret_name": "",
            "id": "carsharing/user-service",
            "image_pull_secret": [],
            "metadata": [
              {
                "annotations": null,
                "generate_name": "",
                "generation": 0,
                "labels": {
                  "app.kubernetes.io/name": "user-service",
                  "app.kubernetes.io/part-of": "carsharing",
                  "platform.carsharing/managed-by": "terraform"
                },
                "name": "user-service",
                "namespace": "carsharing",
                "resource_version": "5325",
                "uid": "c1e5003e-7ae4-4157-bb17-ab74ab5f4c18"
              }
            ],
            "secret": [],
            "timeouts": null
          },
          "sensitive_attributes": [],
          "identity_schema_version": 1,
          "identity": {
            "api_version": "v1",
            "kind": "ServiceAccount",
            "name": "user-service",
            "namespace": "carsharing"
          },
          "private": "eyJlMmJmYjczMC1lY2FhLTExZTYtOGY4OC0zNDM2M2JjN2M0YzAiOnsiY3JlYXRlIjozMDAwMDAwMDAwMH19",
          "dependencies": [
            "kubernetes_namespace_v1.platform"
          ]
        }
      ]
    },
    {
      "mode": "managed",
      "type": "kubernetes_service_account_v1",
      "name": "ci",
      "provider": "provider[\"registry.terraform.io/hashicorp/kubernetes\"]",
      "instances": [
        {
          "index_key": "argocd-image-updater",
          "schema_version": 0,
          "attributes": {
            "automount_service_account_token": true,
            "default_secret_name": "",
            "id": "argocd/argocd-image-updater",
            "image_pull_secret": [],
            "metadata": [
              {
                "annotations": null,
                "generate_name": "",
                "generation": 0,
                "labels": {
                  "platform.carsharing/managed-by": "terraform"
                },
                "name": "argocd-image-updater",
                "namespace": "argocd",
                "resource_version": "5324",
                "uid": "0b4ef2d0-2095-4faf-8371-bf6c1e4f0ff6"
              }
            ],
            "secret": [],
            "timeouts": null
          },
          "sensitive_attributes": [],
          "identity_schema_version": 1,
          "identity": {
            "api_version": "v1",
            "kind": "ServiceAccount",
            "name": "argocd-image-updater",
            "namespace": "argocd"
          },
          "private": "eyJlMmJmYjczMC1lY2FhLTExZTYtOGY4OC0zNDM2M2JjN2M0YzAiOnsiY3JlYXRlIjozMDAwMDAwMDAwMH19",
          "dependencies": [
            "kubernetes_namespace_v1.platform"
          ]
        },
        {
          "index_key": "kaniko-builder",
          "schema_version": 0,
          "attributes": {
            "automount_service_account_token": true,
            "default_secret_name": "",
            "id": "ci/kaniko-builder",
            "image_pull_secret": [],
            "metadata": [
              {
                "annotations": null,
                "generate_name": "",
                "generation": 0,
                "labels": {
                  "platform.carsharing/managed-by": "terraform"
                },
                "name": "kaniko-builder",
                "namespace": "ci",
                "resource_version": "5326",
                "uid": "da0c910b-9734-42be-b3d9-718502df13c9"
              }
            ],
            "secret": [],
            "timeouts": null
          },
          "sensitive_attributes": [],
          "identity_schema_version": 1,
          "identity": {
            "api_version": "v1",
            "kind": "ServiceAccount",
            "name": "kaniko-builder",
            "namespace": "ci"
          },
          "private": "eyJlMmJmYjczMC1lY2FhLTExZTYtOGY4OC0zNDM2M2JjN2M0YzAiOnsiY3JlYXRlIjozMDAwMDAwMDAwMH19",
          "dependencies": [
            "kubernetes_namespace_v1.platform"
          ]
        }
      ]
    },
    {
      "mode": "managed",
      "type": "random_password",
      "name": "minio",
      "provider": "provider[\"registry.terraform.io/hashicorp/random\"]",
      "instances": [
        {
          "schema_version": 3,
          "attributes": {
            "bcrypt_hash": "$2a$10$s48bhVIEk4oIZ23FsTuBOOoE1YubbVJ0BtPvjZq22IvMgkBDifeeO",
            "id": "none",
            "keepers": null,
            "length": 24,
            "lower": true,
            "min_lower": 0,
            "min_numeric": 0,
            "min_special": 0,
            "min_upper": 0,
            "number": true,
            "numeric": true,
            "override_special": null,
            "result": "j9PIXIpQPhyIyzqry1XOdq52",
            "special": false,
            "upper": true
          },
          "sensitive_attributes": [
            [
              {
                "type": "get_attr",
                "value": "bcrypt_hash"
              }
            ],
            [
              {
                "type": "get_attr",
                "value": "result"
              }
            ]
          ],
          "identity_schema_version": 0
        }
      ]
    },
    {
      "mode": "managed",
      "type": "random_password",
      "name": "postgres",
      "provider": "provider[\"registry.terraform.io/hashicorp/random\"]",
      "instances": [
        {
          "schema_version": 3,
          "attributes": {
            "bcrypt_hash": "$2a$10$npSXbJSJX2d.beycuglY3uwnq1UsqyNMdaiOp8LM6lxkBFWCghrqe",
            "id": "none",
            "keepers": null,
            "length": 24,
            "lower": true,
            "min_lower": 0,
            "min_numeric": 0,
            "min_special": 0,
            "min_upper": 0,
            "number": true,
            "numeric": true,
            "override_special": null,
            "result": "w8sW8nBKqDUlbvH7vSNxuVpJ",
            "special": false,
            "upper": true
          },
          "sensitive_attributes": [
            [
              {
                "type": "get_attr",
                "value": "bcrypt_hash"
              }
            ],
            [
              {
                "type": "get_attr",
                "value": "result"
              }
            ]
          ],
          "identity_schema_version": 0
        }
      ]
    },
    {
      "mode": "managed",
      "type": "random_password",
      "name": "redis",
      "provider": "provider[\"registry.terraform.io/hashicorp/random\"]",
      "instances": [
        {
          "schema_version": 3,
          "attributes": {
            "bcrypt_hash": "$2a$10$lgai9nyGYqjuXGU7Jr2C7OgsU3/3gloPWkZ7nLISuBplsHDGXvrSa",
            "id": "none",
            "keepers": null,
            "length": 24,
            "lower": true,
            "min_lower": 0,
            "min_numeric": 0,
            "min_special": 0,
            "min_upper": 0,
            "number": true,
            "numeric": true,
            "override_special": null,
            "result": "CKcjUILnDhQYiCJenNKRT0Xd",
            "special": false,
            "upper": true
          },
          "sensitive_attributes": [
            [
              {
                "type": "get_attr",
                "value": "bcrypt_hash"
              }
            ],
            [
              {
                "type": "get_attr",
                "value": "result"
              }
            ]
          ],
          "identity_schema_version": 0
        }
      ]
    }
  ],
  "check_results": null
}
